{
    "_meta": {
        "hash": {
            "sha256": "0cb81d6d575b93c884246bcee5f4445829956e817f7f1301e742236d08c4bbb5"
        },
        "pipfile-spec": 6,
        "requires": {
            "python_version": "3.10"
        },
        "sources": [
            {
                "name": "pypi",
                "url": "https://pypi.org/simple",
                "verify_ssl": true
            }
        ]
    },
    "default": {
        "antlr4-python3-runtime": {
            "hashes": [
                "sha256:061a49bc72ae05a35d9b61c0ba0ac36c0397708819f02fbfb20a80e47d287a1b"
            ],
            "index": "pypi",
            "version": "==4.10"
        },
        "tk": {
            "hashes": [
                "sha256:60bc8923d5d35f67f5c6bd93d4f0c49d2048114ec077768f959aef36d4ed97f8",
                "sha256:703a69ff0d5ba2bd2f7440582ad10160e4a6561595d33457dc6caa79b9bf4930"
            ],
            "index": "pypi",
            "version": "==0.1.0"
        }
    },
    "develop": {}
}
